
Microsoft Visual Studio Solution File, Format Version 12.00
# Visual Studio 15
VisualStudioVersion = 15.0.33801.198
MinimumVisualStudioVersion = 10.0.40219.1
Project("{FAE04EC0-301F-11D3-BF4B-00C04F79EFBC}") = "Project4AdminPage", "Project4AdminPage\Project4AdminPage.csproj", "{D23DA28C-EA6E-438F-941C-9D9D42B1EB7C}"
EndProject
Global
	GlobalSection(SolutionConfigurationPlatforms) = preSolution
		Debug|Any CPU = Debug|Any CPU
		Release|Any CPU = Release|Any CPU
	EndGlobalSection
	GlobalSection(ProjectConfigurationPlatforms) = postSolution
		{D23DA28C-EA6E-438F-941C-9D9D42B1EB7C}.Debug|Any CPU.ActiveCfg = Debug|Any CPU
		{D23DA28C-EA6E-438F-941C-9D9D42B1EB7C}.Debug|Any CPU.Build.0 = Debug|Any CPU
		{D23DA28C-EA6E-438F-941C-9D9D42B1EB7C}.Release|Any CPU.ActiveCfg = Release|Any CPU
		{D23DA28C-EA6E-438F-941C-9D9D42B1EB7C}.Release|Any CPU.Build.0 = Release|Any CPU
	EndGlobalSection
	GlobalSection(SolutionProperties) = preSolution
		HideSolutionNode = FALSE
	EndGlobalSection
	GlobalSection(ExtensibilityGlobals) = postSolution
		SolutionGuid = {CC5D4657-6FCC-4644-8022-E35CA9E959ED}
	EndGlobalSection
EndGlobal
